
Microsoft Visual Studio Solution File, Format Version 12.00
# Visual Studio Version 16
VisualStudioVersion = 16.0.31729.503
MinimumVisualStudioVersion = 10.0.40219.1
Project("{FAE04EC0-301F-11D3-BF4B-00C04F79EFBC}") = "GridGame", "GridGame\GridGame.csproj", "{54F12401-07E4-4E7D-A76A-8FAD421338B5}"
EndProject
Global
	GlobalSection(SolutionConfigurationPlatforms) = preSolution
		Debug|Any CPU = Debug|Any CPU
		Release|Any CPU = Release|Any CPU
	EndGlobalSection
	GlobalSection(ProjectConfigurationPlatforms) = postSolution
		{54F12401-07E4-4E7D-A76A-8FAD421338B5}.Debug|Any CPU.ActiveCfg = Debug|Any CPU
		{54F12401-07E4-4E7D-A76A-8FAD421338B5}.Debug|Any CPU.Build.0 = Debug|Any CPU
		{54F12401-07E4-4E7D-A76A-8FAD421338B5}.Release|Any CPU.ActiveCfg = Release|Any CPU
		{54F12401-07E4-4E7D-A76A-8FAD421338B5}.Release|Any CPU.Build.0 = Release|Any CPU
	EndGlobalSection
	GlobalSection(SolutionProperties) = preSolution
		HideSolutionNode = FALSE
	EndGlobalSection
	GlobalSection(ExtensibilityGlobals) = postSolution
		SolutionGuid = {BE383BCD-352A-42F3-B534-76CFBFE12440}
	EndGlobalSection
EndGlobal
